
Microsoft Visual Studio Solution File, Format Version 12.00
# Visual Studio 15
VisualStudioVersion = 15.0.28307.271
MinimumVisualStudioVersion = 10.0.40219.1
Project("{FAE04EC0-301F-11D3-BF4B-00C04F79EFBC}") = "ConsoleApp1", "ConsoleApp1\ConsoleApp1.csproj", "{C32D9647-B1ED-416A-AD1F-D77181631DFA}"
EndProject
Global
	GlobalSection(SolutionConfigurationPlatforms) = preSolution
		Debug|Any CPU = Debug|Any CPU
		Release|Any CPU = Release|Any CPU
	EndGlobalSection
	GlobalSection(ProjectConfigurationPlatforms) = postSolution
		{C32D9647-B1ED-416A-AD1F-D77181631DFA}.Debug|Any CPU.ActiveCfg = Debug|Any CPU
		{C32D9647-B1ED-416A-AD1F-D77181631DFA}.Debug|Any CPU.Build.0 = Debug|Any CPU
		{C32D9647-B1ED-416A-AD1F-D77181631DFA}.Release|Any CPU.ActiveCfg = Release|Any CPU
		{C32D9647-B1ED-416A-AD1F-D77181631DFA}.Release|Any CPU.Build.0 = Release|Any CPU
	EndGlobalSection
	GlobalSection(SolutionProperties) = preSolution
		HideSolutionNode = FALSE
	EndGlobalSection
	GlobalSection(ExtensibilityGlobals) = postSolution
		SolutionGuid = {2970694A-D9DA-472A-A8D8-9E2C60025697}
	EndGlobalSection
EndGlobal
